
Microsoft Visual Studio Solution File, Format Version 12.00
# Visual Studio Version 17
VisualStudioVersion = 17.14.36310.24
MinimumVisualStudioVersion = 10.0.40219.1
Project("{2150E333-8FDC-42A3-9474-1A3956D46DE8}") = "Examples", "Examples", "{02EA681E-C7D8-13C7-8484-4AC65E1B71E8}"
EndProject
Project("{FAE04EC0-301F-11D3-BF4B-00C04F79EFBC}") = "ManySpeech.AliCTTransformerPunc", "src\ManySpeech.AliCTTransformerPunc\ManySpeech.AliCTTransformerPunc.csproj", "{9C0CEA26-8F47-D1B8-B411-91EA6F324826}"
EndProject
Project("{FAE04EC0-301F-11D3-BF4B-00C04F79EFBC}") = "ManySpeech.AliFsmnVad", "src\ManySpeech.AliFsmnVad\ManySpeech.AliFsmnVad.csproj", "{A8CDCBA1-F501-D2E8-E400-A029D6A962B4}"
EndProject
Project("{FAE04EC0-301F-11D3-BF4B-00C04F79EFBC}") = "ManySpeech.AliParaformerAsr", "src\ManySpeech.AliParaformerAsr\ManySpeech.AliParaformerAsr.csproj", "{ED4ACDBC-470D-5AF6-C744-102FF2260FFD}"
EndProject
Project("{2150E333-8FDC-42A3-9474-1A3956D46DE8}") = "Solution Items", "Solution Items", "{9FA3D6BD-1EC1-3BA5-80CB-CE02773A58D5}"
	ProjectSection(SolutionItems) = preProject
		README.md = README.md
		README.zh_CN.md = README.zh_CN.md
	EndProjectSection
EndProject
Project("{FAE04EC0-301F-11D3-BF4B-00C04F79EFBC}") = "ManySpeech.AudioSep", "src\ManySpeech.AudioSep\ManySpeech.AudioSep.csproj", "{DD32B238-A559-5CDD-130D-A24C53412DD5}"
EndProject
Project("{FAE04EC0-301F-11D3-BF4B-00C04F79EFBC}") = "ManySpeech.FireRedAsr", "src\ManySpeech.FireRedAsr\ManySpeech.FireRedAsr.csproj", "{12B91416-C3F8-9B1B-6930-EA47887D4905}"
EndProject
Project("{FAE04EC0-301F-11D3-BF4B-00C04F79EFBC}") = "ManySpeech.K2TransducerAsr", "src\ManySpeech.K2TransducerAsr\ManySpeech.K2TransducerAsr.csproj", "{D62CC36A-8C1C-D380-1A2E-1DBC80399C5B}"
EndProject
Project("{FAE04EC0-301F-11D3-BF4B-00C04F79EFBC}") = "ManySpeech.SileroVad", "src\ManySpeech.SileroVad\ManySpeech.SileroVad.csproj", "{FFC3FFF1-6B2D-0BB8-7849-9A19F73BFAC7}"
EndProject
Project("{FAE04EC0-301F-11D3-BF4B-00C04F79EFBC}") = "ManySpeech.WenetAsr", "src\ManySpeech.WenetAsr\ManySpeech.WenetAsr.csproj", "{ED5C587C-4379-5F01-3049-3729077607D4}"
EndProject
Project("{FAE04EC0-301F-11D3-BF4B-00C04F79EFBC}") = "ManySpeech.WenetAsr2", "src\ManySpeech.WenetAsr2\ManySpeech.WenetAsr2.csproj", "{6D6DBC66-FF35-184F-94A4-CD5D6C35C66F}"
EndProject
Project("{2150E333-8FDC-42A3-9474-1A3956D46DE8}") = "Samples", "Samples", "{254A7859-4EFA-4B6B-89F4-70152CFD1B59}"
EndProject
Project("{FAE04EC0-301F-11D3-BF4B-00C04F79EFBC}") = "ManySpeech.AliCTTransformerPunc.Examples", "examples\ManySpeech.AliCTTransformerPunc.Examples\ManySpeech.AliCTTransformerPunc.Examples.csproj", "{C0A98D21-CEFF-2B7B-E2A4-EAD6F6B88259}"
EndProject
Project("{2150E333-8FDC-42A3-9474-1A3956D46DE8}") = "Utils", "Utils", "{906F30B3-4755-4A72-8AF5-0F40CFAA42B9}"
EndProject
Project("{2150E333-8FDC-42A3-9474-1A3956D46DE8}") = "Core", "Core", "{1F94B2FD-668B-43A6-9776-921D7674B434}"
EndProject
Project("{FAE04EC0-301F-11D3-BF4B-00C04F79EFBC}") = "ManySpeech.AliFsmnVad.Examples", "examples\ManySpeech.AliFsmnVad.Examples\ManySpeech.AliFsmnVad.Examples.csproj", "{078CF30C-28BA-2CEB-2E06-E51A02D42EA4}"
EndProject
Project("{FAE04EC0-301F-11D3-BF4B-00C04F79EFBC}") = "ManySpeech.FireRedAsr.Examples", "examples\ManySpeech.FireRedAsr.Examples\ManySpeech.FireRedAsr.Examples.csproj", "{DC3D92A1-9A94-A7BA-9D3C-909636B62DFF}"
EndProject
Project("{FAE04EC0-301F-11D3-BF4B-00C04F79EFBC}") = "ManySpeech.K2TransducerAsr.Examples", "examples\ManySpeech.K2TransducerAsr.Examples\ManySpeech.K2TransducerAsr.Examples.csproj", "{B6D263FC-3358-0BF7-CD93-80319B9CB4D1}"
EndProject
Project("{FAE04EC0-301F-11D3-BF4B-00C04F79EFBC}") = "ManySpeech.MoonshineAsr.Examples", "examples\ManySpeech.MoonshineAsr.Examples\ManySpeech.MoonshineAsr.Examples.csproj", "{20B646A9-5F87-8E45-0F3E-B59D26E8880F}"
EndProject
Project("{FAE04EC0-301F-11D3-BF4B-00C04F79EFBC}") = "ManySpeech.SileroVad.Examples", "examples\ManySpeech.SileroVad.Examples\ManySpeech.SileroVad.Examples.csproj", "{A5E75878-A0A3-A044-414C-34D8A1E9EDF3}"
EndProject
Project("{FAE04EC0-301F-11D3-BF4B-00C04F79EFBC}") = "ManySpeech.WenetAsr.Examples", "examples\ManySpeech.WenetAsr.Examples\ManySpeech.WenetAsr.Examples.csproj", "{C982FA7D-756E-331E-17A7-CE00A8A45D96}"
EndProject
Project("{FAE04EC0-301F-11D3-BF4B-00C04F79EFBC}") = "AudioInOut", "src\AudioInOut\AudioInOut.csproj", "{B1560275-349B-E2F8-F055-BF99C0EC4AF7}"
EndProject
Project("{FAE04EC0-301F-11D3-BF4B-00C04F79EFBC}") = "PreProcessUtils", "src\PreProcessUtils\PreProcessUtils.csproj", "{0D50A632-11B0-6CBF-41A8-C04163CF9DA2}"
EndProject
Project("{FAE04EC0-301F-11D3-BF4B-00C04F79EFBC}") = "ManySpeech.AliParaformerAsr.Examples", "examples\ManySpeech.AliParaformerAsr.Examples\ManySpeech.AliParaformerAsr.Examples.csproj", "{6BDEA656-9CB3-C79C-DC31-97AC987B83D8}"
EndProject
Project("{FAE04EC0-301F-11D3-BF4B-00C04F79EFBC}") = "ManySpeech.Cli.Sample", "samples\ManySpeech.Cli.Sample\ManySpeech.Cli.Sample.csproj", "{072F0408-5846-6CE9-7E2D-E982706EB9C1}"
EndProject
Project("{FAE04EC0-301F-11D3-BF4B-00C04F79EFBC}") = "ManySpeech.Maui.Sample", "samples\ManySpeech.Maui.Sample\ManySpeech.Maui.Sample.csproj", "{BAB805C7-3BFB-40BB-8DAF-AFF467BFE88E}"
EndProject
Project("{2150E333-8FDC-42A3-9474-1A3956D46DE8}") = "Tests", "Tests", "{114D12D7-B60D-496E-95C7-EDB2B2707A4C}"
EndProject
Project("{FAE04EC0-301F-11D3-BF4B-00C04F79EFBC}") = "ManySpeech.WhisperAsr", "src\ManySpeech.WhisperAsr\ManySpeech.WhisperAsr.csproj", "{CF0611EA-BC62-92F1-8203-24A0841EA588}"
EndProject
Project("{FAE04EC0-301F-11D3-BF4B-00C04F79EFBC}") = "ManySpeech.MoonshineAsr", "src\ManySpeech.MoonshineAsr\ManySpeech.MoonshineAsr.csproj", "{1C3EBFE6-076E-F243-CA5D-33CE1F9BBF9D}"
EndProject
Project("{FAE04EC0-301F-11D3-BF4B-00C04F79EFBC}") = "ManySpeech.WhisperAsr.Examples", "examples\ManySpeech.WhisperAsr.Examples\ManySpeech.WhisperAsr.Examples.csproj", "{DED39859-4AD7-3A60-5F4C-0CC8B253027F}"
EndProject
Project("{FAE04EC0-301F-11D3-BF4B-00C04F79EFBC}") = "ManySpeech.SpeechProcessing", "src\ManySpeech.SpeechProcessing\ManySpeech.SpeechProcessing.csproj", "{DD60077E-E4CB-48FD-BB09-FD493ECDD489}"
EndProject
Project("{FAE04EC0-301F-11D3-BF4B-00C04F79EFBC}") = "ManySpeech.ParaformerOfflineTest", "examples\ManySpeech.ParaformerOfflineTest\ManySpeech.ParaformerOfflineTest.csproj", "{45A184B7-11C1-44E5-A187-EDBE4DD40300}"
EndProject
Project("{2150E333-8FDC-42A3-9474-1A3956D46DE8}") = "src", "src", "{827E0CD3-B72D-47B6-A68D-7590B98EB39B}"
EndProject
Global
	GlobalSection(SolutionConfigurationPlatforms) = preSolution
		Debug|Any CPU = Debug|Any CPU
		Debug|x64 = Debug|x64
		Debug|x86 = Debug|x86
		Release|Any CPU = Release|Any CPU
		Release|x64 = Release|x64
		Release|x86 = Release|x86
	EndGlobalSection
	GlobalSection(ProjectConfigurationPlatforms) = postSolution
		{9C0CEA26-8F47-D1B8-B411-91EA6F324826}.Debug|Any CPU.ActiveCfg = Debug|Any CPU
		{9C0CEA26-8F47-D1B8-B411-91EA6F324826}.Debug|Any CPU.Build.0 = Debug|Any CPU
		{9C0CEA26-8F47-D1B8-B411-91EA6F324826}.Debug|x64.ActiveCfg = Debug|Any CPU
		{9C0CEA26-8F47-D1B8-B411-91EA6F324826}.Debug|x64.Build.0 = Debug|Any CPU
		{9C0CEA26-8F47-D1B8-B411-91EA6F324826}.Debug|x86.ActiveCfg = Debug|Any CPU
		{9C0CEA26-8F47-D1B8-B411-91EA6F324826}.Debug|x86.Build.0 = Debug|Any CPU
		{9C0CEA26-8F47-D1B8-B411-91EA6F324826}.Release|Any CPU.ActiveCfg = Release|Any CPU
		{9C0CEA26-8F47-D1B8-B411-91EA6F324826}.Release|Any CPU.Build.0 = Release|Any CPU
		{9C0CEA26-8F47-D1B8-B411-91EA6F324826}.Release|x64.ActiveCfg = Release|Any CPU
		{9C0CEA26-8F47-D1B8-B411-91EA6F324826}.Release|x64.Build.0 = Release|Any CPU
		{9C0CEA26-8F47-D1B8-B411-91EA6F324826}.Release|x86.ActiveCfg = Release|Any CPU
		{9C0CEA26-8F47-D1B8-B411-91EA6F324826}.Release|x86.Build.0 = Release|Any CPU
		{A8CDCBA1-F501-D2E8-E400-A029D6A962B4}.Debug|Any CPU.ActiveCfg = Debug|Any CPU
		{A8CDCBA1-F501-D2E8-E400-A029D6A962B4}.Debug|Any CPU.Build.0 = Debug|Any CPU
		{A8CDCBA1-F501-D2E8-E400-A029D6A962B4}.Debug|x64.ActiveCfg = Debug|Any CPU
		{A8CDCBA1-F501-D2E8-E400-A029D6A962B4}.Debug|x64.Build.0 = Debug|Any CPU
		{A8CDCBA1-F501-D2E8-E400-A029D6A962B4}.Debug|x86.ActiveCfg = Debug|Any CPU
		{A8CDCBA1-F501-D2E8-E400-A029D6A962B4}.Debug|x86.Build.0 = Debug|Any CPU
		{A8CDCBA1-F501-D2E8-E400-A029D6A962B4}.Release|Any CPU.ActiveCfg = Release|Any CPU
		{A8CDCBA1-F501-D2E8-E400-A029D6A962B4}.Release|Any CPU.Build.0 = Release|Any CPU
		{A8CDCBA1-F501-D2E8-E400-A029D6A962B4}.Release|x64.ActiveCfg = Release|Any CPU
		{A8CDCBA1-F501-D2E8-E400-A029D6A962B4}.Release|x64.Build.0 = Release|Any CPU
		{A8CDCBA1-F501-D2E8-E400-A029D6A962B4}.Release|x86.ActiveCfg = Release|Any CPU
		{A8CDCBA1-F501-D2E8-E400-A029D6A962B4}.Release|x86.Build.0 = Release|Any CPU
		{ED4ACDBC-470D-5AF6-C744-102FF2260FFD}.Debug|Any CPU.ActiveCfg = Debug|Any CPU
		{ED4ACDBC-470D-5AF6-C744-102FF2260FFD}.Debug|Any CPU.Build.0 = Debug|Any CPU
		{ED4ACDBC-470D-5AF6-C744-102FF2260FFD}.Debug|x64.ActiveCfg = Debug|Any CPU
		{ED4ACDBC-470D-5AF6-C744-102FF2260FFD}.Debug|x64.Build.0 = Debug|Any CPU
		{ED4ACDBC-470D-5AF6-C744-102FF2260FFD}.Debug|x86.ActiveCfg = Debug|Any CPU
		{ED4ACDBC-470D-5AF6-C744-102FF2260FFD}.Debug|x86.Build.0 = Debug|Any CPU
		{ED4ACDBC-470D-5AF6-C744-102FF2260FFD}.Release|Any CPU.ActiveCfg = Release|Any CPU
		{ED4ACDBC-470D-5AF6-C744-102FF2260FFD}.Release|Any CPU.Build.0 = Release|Any CPU
		{ED4ACDBC-470D-5AF6-C744-102FF2260FFD}.Release|x64.ActiveCfg = Release|Any CPU
		{ED4ACDBC-470D-5AF6-C744-102FF2260FFD}.Release|x64.Build.0 = Release|Any CPU
		{ED4ACDBC-470D-5AF6-C744-102FF2260FFD}.Release|x86.ActiveCfg = Release|Any CPU
		{ED4ACDBC-470D-5AF6-C744-102FF2260FFD}.Release|x86.Build.0 = Release|Any CPU
		{DD32B238-A559-5CDD-130D-A24C53412DD5}.Debug|Any CPU.ActiveCfg = Debug|Any CPU
		{DD32B238-A559-5CDD-130D-A24C53412DD5}.Debug|Any CPU.Build.0 = Debug|Any CPU
		{DD32B238-A559-5CDD-130D-A24C53412DD5}.Debug|x64.ActiveCfg = Debug|Any CPU
		{DD32B238-A559-5CDD-130D-A24C53412DD5}.Debug|x64.Build.0 = Debug|Any CPU
		{DD32B238-A559-5CDD-130D-A24C53412DD5}.Debug|x86.ActiveCfg = Debug|Any CPU
		{DD32B238-A559-5CDD-130D-A24C53412DD5}.Debug|x86.Build.0 = Debug|Any CPU
		{DD32B238-A559-5CDD-130D-A24C53412DD5}.Release|Any CPU.ActiveCfg = Release|Any CPU
		{DD32B238-A559-5CDD-130D-A24C53412DD5}.Release|Any CPU.Build.0 = Release|Any CPU
		{DD32B238-A559-5CDD-130D-A24C53412DD5}.Release|x64.ActiveCfg = Release|Any CPU
		{DD32B238-A559-5CDD-130D-A24C53412DD5}.Release|x64.Build.0 = Release|Any CPU
		{DD32B238-A559-5CDD-130D-A24C53412DD5}.Release|x86.ActiveCfg = Release|Any CPU
		{DD32B238-A559-5CDD-130D-A24C53412DD5}.Release|x86.Build.0 = Release|Any CPU
		{12B91416-C3F8-9B1B-6930-EA47887D4905}.Debug|Any CPU.ActiveCfg = Debug|Any CPU
		{12B91416-C3F8-9B1B-6930-EA47887D4905}.Debug|Any CPU.Build.0 = Debug|Any CPU
		{12B91416-C3F8-9B1B-6930-EA47887D4905}.Debug|x64.ActiveCfg = Debug|Any CPU
		{12B91416-C3F8-9B1B-6930-EA47887D4905}.Debug|x64.Build.0 = Debug|Any CPU
		{12B91416-C3F8-9B1B-6930-EA47887D4905}.Debug|x86.ActiveCfg = Debug|Any CPU
		{12B91416-C3F8-9B1B-6930-EA47887D4905}.Debug|x86.Build.0 = Debug|Any CPU
		{12B91416-C3F8-9B1B-6930-EA47887D4905}.Release|Any CPU.ActiveCfg = Release|Any CPU
		{12B91416-C3F8-9B1B-6930-EA47887D4905}.Release|Any CPU.Build.0 = Release|Any CPU
		{12B91416-C3F8-9B1B-6930-EA47887D4905}.Release|x64.ActiveCfg = Release|Any CPU
		{12B91416-C3F8-9B1B-6930-EA47887D4905}.Release|x64.Build.0 = Release|Any CPU
		{12B91416-C3F8-9B1B-6930-EA47887D4905}.Release|x86.ActiveCfg = Release|Any CPU
		{12B91416-C3F8-9B1B-6930-EA47887D4905}.Release|x86.Build.0 = Release|Any CPU
		{D62CC36A-8C1C-D380-1A2E-1DBC80399C5B}.Debug|Any CPU.ActiveCfg = Debug|Any CPU
		{D62CC36A-8C1C-D380-1A2E-1DBC80399C5B}.Debug|Any CPU.Build.0 = Debug|Any CPU
		{D62CC36A-8C1C-D380-1A2E-1DBC80399C5B}.Debug|x64.ActiveCfg = Debug|Any CPU
		{D62CC36A-8C1C-D380-1A2E-1DBC80399C5B}.Debug|x64.Build.0 = Debug|Any CPU
		{D62CC36A-8C1C-D380-1A2E-1DBC80399C5B}.Debug|x86.ActiveCfg = Debug|Any CPU
		{D62CC36A-8C1C-D380-1A2E-1DBC80399C5B}.Debug|x86.Build.0 = Debug|Any CPU
		{D62CC36A-8C1C-D380-1A2E-1DBC80399C5B}.Release|Any CPU.ActiveCfg = Release|Any CPU
		{D62CC36A-8C1C-D380-1A2E-1DBC80399C5B}.Release|Any CPU.Build.0 = Release|Any CPU
		{D62CC36A-8C1C-D380-1A2E-1DBC80399C5B}.Release|x64.ActiveCfg = Release|Any CPU
		{D62CC36A-8C1C-D380-1A2E-1DBC80399C5B}.Release|x64.Build.0 = Release|Any CPU
		{D62CC36A-8C1C-D380-1A2E-1DBC80399C5B}.Release|x86.ActiveCfg = Release|Any CPU
		{D62CC36A-8C1C-D380-1A2E-1DBC80399C5B}.Release|x86.Build.0 = Release|Any CPU
		{FFC3FFF1-6B2D-0BB8-7849-9A19F73BFAC7}.Debug|Any CPU.ActiveCfg = Debug|Any CPU
		{FFC3FFF1-6B2D-0BB8-7849-9A19F73BFAC7}.Debug|Any CPU.Build.0 = Debug|Any CPU
		{FFC3FFF1-6B2D-0BB8-7849-9A19F73BFAC7}.Debug|x64.ActiveCfg = Debug|Any CPU
		{FFC3FFF1-6B2D-0BB8-7849-9A19F73BFAC7}.Debug|x64.Build.0 = Debug|Any CPU
		{FFC3FFF1-6B2D-0BB8-7849-9A19F73BFAC7}.Debug|x86.ActiveCfg = Debug|Any CPU
		{FFC3FFF1-6B2D-0BB8-7849-9A19F73BFAC7}.Debug|x86.Build.0 = Debug|Any CPU
		{FFC3FFF1-6B2D-0BB8-7849-9A19F73BFAC7}.Release|Any CPU.ActiveCfg = Release|Any CPU
		{FFC3FFF1-6B2D-0BB8-7849-9A19F73BFAC7}.Release|Any CPU.Build.0 = Release|Any CPU
		{FFC3FFF1-6B2D-0BB8-7849-9A19F73BFAC7}.Release|x64.ActiveCfg = Release|Any CPU
		{FFC3FFF1-6B2D-0BB8-7849-9A19F73BFAC7}.Release|x64.Build.0 = Release|Any CPU
		{FFC3FFF1-6B2D-0BB8-7849-9A19F73BFAC7}.Release|x86.ActiveCfg = Release|Any CPU
		{FFC3FFF1-6B2D-0BB8-7849-9A19F73BFAC7}.Release|x86.Build.0 = Release|Any CPU
		{ED5C587C-4379-5F01-3049-3729077607D4}.Debug|Any CPU.ActiveCfg = Debug|Any CPU
		{ED5C587C-4379-5F01-3049-3729077607D4}.Debug|Any CPU.Build.0 = Debug|Any CPU
		{ED5C587C-4379-5F01-3049-3729077607D4}.Debug|x64.ActiveCfg = Debug|Any CPU
		{ED5C587C-4379-5F01-3049-3729077607D4}.Debug|x64.Build.0 = Debug|Any CPU
		{ED5C587C-4379-5F01-3049-3729077607D4}.Debug|x86.ActiveCfg = Debug|Any CPU
		{ED5C587C-4379-5F01-3049-3729077607D4}.Debug|x86.Build.0 = Debug|Any CPU
		{ED5C587C-4379-5F01-3049-3729077607D4}.Release|Any CPU.ActiveCfg = Release|Any CPU
		{ED5C587C-4379-5F01-3049-3729077607D4}.Release|Any CPU.Build.0 = Release|Any CPU
		{ED5C587C-4379-5F01-3049-3729077607D4}.Release|x64.ActiveCfg = Release|Any CPU
		{ED5C587C-4379-5F01-3049-3729077607D4}.Release|x64.Build.0 = Release|Any CPU
		{ED5C587C-4379-5F01-3049-3729077607D4}.Release|x86.ActiveCfg = Release|Any CPU
		{ED5C587C-4379-5F01-3049-3729077607D4}.Release|x86.Build.0 = Release|Any CPU
		{6D6DBC66-FF35-184F-94A4-CD5D6C35C66F}.Debug|Any CPU.ActiveCfg = Debug|Any CPU
		{6D6DBC66-FF35-184F-94A4-CD5D6C35C66F}.Debug|Any CPU.Build.0 = Debug|Any CPU
		{6D6DBC66-FF35-184F-94A4-CD5D6C35C66F}.Debug|x64.ActiveCfg = Debug|Any CPU
		{6D6DBC66-FF35-184F-94A4-CD5D6C35C66F}.Debug|x64.Build.0 = Debug|Any CPU
		{6D6DBC66-FF35-184F-94A4-CD5D6C35C66F}.Debug|x86.ActiveCfg = Debug|Any CPU
		{6D6DBC66-FF35-184F-94A4-CD5D6C35C66F}.Debug|x86.Build.0 = Debug|Any CPU
		{6D6DBC66-FF35-184F-94A4-CD5D6C35C66F}.Release|Any CPU.ActiveCfg = Release|Any CPU
		{6D6DBC66-FF35-184F-94A4-CD5D6C35C66F}.Release|Any CPU.Build.0 = Release|Any CPU
		{6D6DBC66-FF35-184F-94A4-CD5D6C35C66F}.Release|x64.ActiveCfg = Release|Any CPU
		{6D6DBC66-FF35-184F-94A4-CD5D6C35C66F}.Release|x64.Build.0 = Release|Any CPU
		{6D6DBC66-FF35-184F-94A4-CD5D6C35C66F}.Release|x86.ActiveCfg = Release|Any CPU
		{6D6DBC66-FF35-184F-94A4-CD5D6C35C66F}.Release|x86.Build.0 = Release|Any CPU
		{C0A98D21-CEFF-2B7B-E2A4-EAD6F6B88259}.Debug|Any CPU.ActiveCfg = Debug|Any CPU
		{C0A98D21-CEFF-2B7B-E2A4-EAD6F6B88259}.Debug|Any CPU.Build.0 = Debug|Any CPU
		{C0A98D21-CEFF-2B7B-E2A4-EAD6F6B88259}.Debug|x64.ActiveCfg = Debug|Any CPU
		{C0A98D21-CEFF-2B7B-E2A4-EAD6F6B88259}.Debug|x64.Build.0 = Debug|Any CPU
		{C0A98D21-CEFF-2B7B-E2A4-EAD6F6B88259}.Debug|x86.ActiveCfg = Debug|Any CPU
		{C0A98D21-CEFF-2B7B-E2A4-EAD6F6B88259}.Debug|x86.Build.0 = Debug|Any CPU
		{C0A98D21-CEFF-2B7B-E2A4-EAD6F6B88259}.Release|Any CPU.ActiveCfg = Release|Any CPU
		{C0A98D21-CEFF-2B7B-E2A4-EAD6F6B88259}.Release|Any CPU.Build.0 = Release|Any CPU
		{C0A98D21-CEFF-2B7B-E2A4-EAD6F6B88259}.Release|x64.ActiveCfg = Release|Any CPU
		{C0A98D21-CEFF-2B7B-E2A4-EAD6F6B88259}.Release|x64.Build.0 = Release|Any CPU
		{C0A98D21-CEFF-2B7B-E2A4-EAD6F6B88259}.Release|x86.ActiveCfg = Release|Any CPU
		{C0A98D21-CEFF-2B7B-E2A4-EAD6F6B88259}.Release|x86.Build.0 = Release|Any CPU
		{078CF30C-28BA-2CEB-2E06-E51A02D42EA4}.Debug|Any CPU.ActiveCfg = Debug|Any CPU
		{078CF30C-28BA-2CEB-2E06-E51A02D42EA4}.Debug|Any CPU.Build.0 = Debug|Any CPU
		{078CF30C-28BA-2CEB-2E06-E51A02D42EA4}.Debug|x64.ActiveCfg = Debug|Any CPU
		{078CF30C-28BA-2CEB-2E06-E51A02D42EA4}.Debug|x64.Build.0 = Debug|Any CPU
		{078CF30C-28BA-2CEB-2E06-E51A02D42EA4}.Debug|x86.ActiveCfg = Debug|Any CPU
		{078CF30C-28BA-2CEB-2E06-E51A02D42EA4}.Debug|x86.Build.0 = Debug|Any CPU
		{078CF30C-28BA-2CEB-2E06-E51A02D42EA4}.Release|Any CPU.ActiveCfg = Release|Any CPU
		{078CF30C-28BA-2CEB-2E06-E51A02D42EA4}.Release|Any CPU.Build.0 = Release|Any CPU
		{078CF30C-28BA-2CEB-2E06-E51A02D42EA4}.Release|x64.ActiveCfg = Release|Any CPU
		{078CF30C-28BA-2CEB-2E06-E51A02D42EA4}.Release|x64.Build.0 = Release|Any CPU
		{078CF30C-28BA-2CEB-2E06-E51A02D42EA4}.Release|x86.ActiveCfg = Release|Any CPU
		{078CF30C-28BA-2CEB-2E06-E51A02D42EA4}.Release|x86.Build.0 = Release|Any CPU
		{DC3D92A1-9A94-A7BA-9D3C-909636B62DFF}.Debug|Any CPU.ActiveCfg = Debug|Any CPU
		{DC3D92A1-9A94-A7BA-9D3C-909636B62DFF}.Debug|Any CPU.Build.0 = Debug|Any CPU
		{DC3D92A1-9A94-A7BA-9D3C-909636B62DFF}.Debug|x64.ActiveCfg = Debug|Any CPU
		{DC3D92A1-9A94-A7BA-9D3C-909636B62DFF}.Debug|x64.Build.0 = Debug|Any CPU
		{DC3D92A1-9A94-A7BA-9D3C-909636B62DFF}.Debug|x86.ActiveCfg = Debug|Any CPU
		{DC3D92A1-9A94-A7BA-9D3C-909636B62DFF}.Debug|x86.Build.0 = Debug|Any CPU
		{DC3D92A1-9A94-A7BA-9D3C-909636B62DFF}.Release|Any CPU.ActiveCfg = Release|Any CPU
		{DC3D92A1-9A94-A7BA-9D3C-909636B62DFF}.Release|Any CPU.Build.0 = Release|Any CPU
		{DC3D92A1-9A94-A7BA-9D3C-909636B62DFF}.Release|x64.ActiveCfg = Release|Any CPU
		{DC3D92A1-9A94-A7BA-9D3C-909636B62DFF}.Release|x64.Build.0 = Release|Any CPU
		{DC3D92A1-9A94-A7BA-9D3C-909636B62DFF}.Release|x86.ActiveCfg = Release|Any CPU
		{DC3D92A1-9A94-A7BA-9D3C-909636B62DFF}.Release|x86.Build.0 = Release|Any CPU
		{B6D263FC-3358-0BF7-CD93-80319B9CB4D1}.Debug|Any CPU.ActiveCfg = Debug|Any CPU
		{B6D263FC-3358-0BF7-CD93-80319B9CB4D1}.Debug|Any CPU.Build.0 = Debug|Any CPU
		{B6D263FC-3358-0BF7-CD93-80319B9CB4D1}.Debug|x64.ActiveCfg = Debug|Any CPU
		{B6D263FC-3358-0BF7-CD93-80319B9CB4D1}.Debug|x64.Build.0 = Debug|Any CPU
		{B6D263FC-3358-0BF7-CD93-80319B9CB4D1}.Debug|x86.ActiveCfg = Debug|Any CPU
		{B6D263FC-3358-0BF7-CD93-80319B9CB4D1}.Debug|x86.Build.0 = Debug|Any CPU
		{B6D263FC-3358-0BF7-CD93-80319B9CB4D1}.Release|Any CPU.ActiveCfg = Release|Any CPU
		{B6D263FC-3358-0BF7-CD93-80319B9CB4D1}.Release|Any CPU.Build.0 = Release|Any CPU
		{B6D263FC-3358-0BF7-CD93-80319B9CB4D1}.Release|x64.ActiveCfg = Release|Any CPU
		{B6D263FC-3358-0BF7-CD93-80319B9CB4D1}.Release|x64.Build.0 = Release|Any CPU
		{B6D263FC-3358-0BF7-CD93-80319B9CB4D1}.Release|x86.ActiveCfg = Release|Any CPU
		{B6D263FC-3358-0BF7-CD93-80319B9CB4D1}.Release|x86.Build.0 = Release|Any CPU
		{20B646A9-5F87-8E45-0F3E-B59D26E8880F}.Debug|Any CPU.ActiveCfg = Debug|Any CPU
		{20B646A9-5F87-8E45-0F3E-B59D26E8880F}.Debug|Any CPU.Build.0 = Debug|Any CPU
		{20B646A9-5F87-8E45-0F3E-B59D26E8880F}.Debug|x64.ActiveCfg = Debug|Any CPU
		{20B646A9-5F87-8E45-0F3E-B59D26E8880F}.Debug|x64.Build.0 = Debug|Any CPU
		{20B646A9-5F87-8E45-0F3E-B59D26E8880F}.Debug|x86.ActiveCfg = Debug|Any CPU
		{20B646A9-5F87-8E45-0F3E-B59D26E8880F}.Debug|x86.Build.0 = Debug|Any CPU
		{20B646A9-5F87-8E45-0F3E-B59D26E8880F}.Release|Any CPU.ActiveCfg = Release|Any CPU
		{20B646A9-5F87-8E45-0F3E-B59D26E8880F}.Release|Any CPU.Build.0 = Release|Any CPU
		{20B646A9-5F87-8E45-0F3E-B59D26E8880F}.Release|x64.ActiveCfg = Release|Any CPU
		{20B646A9-5F87-8E45-0F3E-B59D26E8880F}.Release|x64.Build.0 = Release|Any CPU
		{20B646A9-5F87-8E45-0F3E-B59D26E8880F}.Release|x86.ActiveCfg = Release|Any CPU
		{20B646A9-5F87-8E45-0F3E-B59D26E8880F}.Release|x86.Build.0 = Release|Any CPU
		{A5E75878-A0A3-A044-414C-34D8A1E9EDF3}.Debug|Any CPU.ActiveCfg = Debug|Any CPU
		{A5E75878-A0A3-A044-414C-34D8A1E9EDF3}.Debug|Any CPU.Build.0 = Debug|Any CPU
		{A5E75878-A0A3-A044-414C-34D8A1E9EDF3}.Debug|x64.ActiveCfg = Debug|Any CPU
		{A5E75878-A0A3-A044-414C-34D8A1E9EDF3}.Debug|x64.Build.0 = Debug|Any CPU
		{A5E75878-A0A3-A044-414C-34D8A1E9EDF3}.Debug|x86.ActiveCfg = Debug|Any CPU
		{A5E75878-A0A3-A044-414C-34D8A1E9EDF3}.Debug|x86.Build.0 = Debug|Any CPU
		{A5E75878-A0A3-A044-414C-34D8A1E9EDF3}.Release|Any CPU.ActiveCfg = Release|Any CPU
		{A5E75878-A0A3-A044-414C-34D8A1E9EDF3}.Release|Any CPU.Build.0 = Release|Any CPU
		{A5E75878-A0A3-A044-414C-34D8A1E9EDF3}.Release|x64.ActiveCfg = Release|Any CPU
		{A5E75878-A0A3-A044-414C-34D8A1E9EDF3}.Release|x64.Build.0 = Release|Any CPU
		{A5E75878-A0A3-A044-414C-34D8A1E9EDF3}.Release|x86.ActiveCfg = Release|Any CPU
		{A5E75878-A0A3-A044-414C-34D8A1E9EDF3}.Release|x86.Build.0 = Release|Any CPU
		{C982FA7D-756E-331E-17A7-CE00A8A45D96}.Debug|Any CPU.ActiveCfg = Debug|Any CPU
		{C982FA7D-756E-331E-17A7-CE00A8A45D96}.Debug|Any CPU.Build.0 = Debug|Any CPU
		{C982FA7D-756E-331E-17A7-CE00A8A45D96}.Debug|x64.ActiveCfg = Debug|Any CPU
		{C982FA7D-756E-331E-17A7-CE00A8A45D96}.Debug|x64.Build.0 = Debug|Any CPU
		{C982FA7D-756E-331E-17A7-CE00A8A45D96}.Debug|x86.ActiveCfg = Debug|Any CPU
		{C982FA7D-756E-331E-17A7-CE00A8A45D96}.Debug|x86.Build.0 = Debug|Any CPU
		{C982FA7D-756E-331E-17A7-CE00A8A45D96}.Release|Any CPU.ActiveCfg = Release|Any CPU
		{C982FA7D-756E-331E-17A7-CE00A8A45D96}.Release|Any CPU.Build.0 = Release|Any CPU
		{C982FA7D-756E-331E-17A7-CE00A8A45D96}.Release|x64.ActiveCfg = Release|Any CPU
		{C982FA7D-756E-331E-17A7-CE00A8A45D96}.Release|x64.Build.0 = Release|Any CPU
		{C982FA7D-756E-331E-17A7-CE00A8A45D96}.Release|x86.ActiveCfg = Release|Any CPU
		{C982FA7D-756E-331E-17A7-CE00A8A45D96}.Release|x86.Build.0 = Release|Any CPU
		{B1560275-349B-E2F8-F055-BF99C0EC4AF7}.Debug|Any CPU.ActiveCfg = Debug|Any CPU
		{B1560275-349B-E2F8-F055-BF99C0EC4AF7}.Debug|Any CPU.Build.0 = Debug|Any CPU
		{B1560275-349B-E2F8-F055-BF99C0EC4AF7}.Debug|x64.ActiveCfg = Debug|Any CPU
		{B1560275-349B-E2F8-F055-BF99C0EC4AF7}.Debug|x64.Build.0 = Debug|Any CPU
		{B1560275-349B-E2F8-F055-BF99C0EC4AF7}.Debug|x86.ActiveCfg = Debug|Any CPU
		{B1560275-349B-E2F8-F055-BF99C0EC4AF7}.Debug|x86.Build.0 = Debug|Any CPU
		{B1560275-349B-E2F8-F055-BF99C0EC4AF7}.Release|Any CPU.ActiveCfg = Release|Any CPU
		{B1560275-349B-E2F8-F055-BF99C0EC4AF7}.Release|Any CPU.Build.0 = Release|Any CPU
		{B1560275-349B-E2F8-F055-BF99C0EC4AF7}.Release|x64.ActiveCfg = Release|Any CPU
		{B1560275-349B-E2F8-F055-BF99C0EC4AF7}.Release|x64.Build.0 = Release|Any CPU
		{B1560275-349B-E2F8-F055-BF99C0EC4AF7}.Release|x86.ActiveCfg = Release|Any CPU
		{B1560275-349B-E2F8-F055-BF99C0EC4AF7}.Release|x86.Build.0 = Release|Any CPU
		{0D50A632-11B0-6CBF-41A8-C04163CF9DA2}.Debug|Any CPU.ActiveCfg = Debug|Any CPU
		{0D50A632-11B0-6CBF-41A8-C04163CF9DA2}.Debug|Any CPU.Build.0 = Debug|Any CPU
		{0D50A632-11B0-6CBF-41A8-C04163CF9DA2}.Debug|x64.ActiveCfg = Debug|Any CPU
		{0D50A632-11B0-6CBF-41A8-C04163CF9DA2}.Debug|x64.Build.0 = Debug|Any CPU
		{0D50A632-11B0-6CBF-41A8-C04163CF9DA2}.Debug|x86.ActiveCfg = Debug|Any CPU
		{0D50A632-11B0-6CBF-41A8-C04163CF9DA2}.Debug|x86.Build.0 = Debug|Any CPU
		{0D50A632-11B0-6CBF-41A8-C04163CF9DA2}.Release|Any CPU.ActiveCfg = Release|Any CPU
		{0D50A632-11B0-6CBF-41A8-C04163CF9DA2}.Release|Any CPU.Build.0 = Release|Any CPU
		{0D50A632-11B0-6CBF-41A8-C04163CF9DA2}.Release|x64.ActiveCfg = Release|Any CPU
		{0D50A632-11B0-6CBF-41A8-C04163CF9DA2}.Release|x64.Build.0 = Release|Any CPU
		{0D50A632-11B0-6CBF-41A8-C04163CF9DA2}.Release|x86.ActiveCfg = Release|Any CPU
		{0D50A632-11B0-6CBF-41A8-C04163CF9DA2}.Release|x86.Build.0 = Release|Any CPU
		{6BDEA656-9CB3-C79C-DC31-97AC987B83D8}.Debug|Any CPU.ActiveCfg = Debug|Any CPU
		{6BDEA656-9CB3-C79C-DC31-97AC987B83D8}.Debug|Any CPU.Build.0 = Debug|Any CPU
		{6BDEA656-9CB3-C79C-DC31-97AC987B83D8}.Debug|x64.ActiveCfg = Debug|Any CPU
		{6BDEA656-9CB3-C79C-DC31-97AC987B83D8}.Debug|x64.Build.0 = Debug|Any CPU
		{6BDEA656-9CB3-C79C-DC31-97AC987B83D8}.Debug|x86.ActiveCfg = Debug|Any CPU
		{6BDEA656-9CB3-C79C-DC31-97AC987B83D8}.Debug|x86.Build.0 = Debug|Any CPU
		{6BDEA656-9CB3-C79C-DC31-97AC987B83D8}.Release|Any CPU.ActiveCfg = Release|Any CPU
		{6BDEA656-9CB3-C79C-DC31-97AC987B83D8}.Release|Any CPU.Build.0 = Release|Any CPU
		{6BDEA656-9CB3-C79C-DC31-97AC987B83D8}.Release|x64.ActiveCfg = Release|Any CPU
		{6BDEA656-9CB3-C79C-DC31-97AC987B83D8}.Release|x64.Build.0 = Release|Any CPU
		{6BDEA656-9CB3-C79C-DC31-97AC987B83D8}.Release|x86.ActiveCfg = Release|Any CPU
		{6BDEA656-9CB3-C79C-DC31-97AC987B83D8}.Release|x86.Build.0 = Release|Any CPU
		{072F0408-5846-6CE9-7E2D-E982706EB9C1}.Debug|Any CPU.ActiveCfg = Debug|Any CPU
		{072F0408-5846-6CE9-7E2D-E982706EB9C1}.Debug|Any CPU.Build.0 = Debug|Any CPU
		{072F0408-5846-6CE9-7E2D-E982706EB9C1}.Debug|x64.ActiveCfg = Debug|Any CPU
		{072F0408-5846-6CE9-7E2D-E982706EB9C1}.Debug|x64.Build.0 = Debug|Any CPU
		{072F0408-5846-6CE9-7E2D-E982706EB9C1}.Debug|x86.ActiveCfg = Debug|Any CPU
		{072F0408-5846-6CE9-7E2D-E982706EB9C1}.Debug|x86.Build.0 = Debug|Any CPU
		{072F0408-5846-6CE9-7E2D-E982706EB9C1}.Release|Any CPU.ActiveCfg = Release|Any CPU
		{072F0408-5846-6CE9-7E2D-E982706EB9C1}.Release|Any CPU.Build.0 = Release|Any CPU
		{072F0408-5846-6CE9-7E2D-E982706EB9C1}.Release|x64.ActiveCfg = Release|Any CPU
		{072F0408-5846-6CE9-7E2D-E982706EB9C1}.Release|x64.Build.0 = Release|Any CPU
		{072F0408-5846-6CE9-7E2D-E982706EB9C1}.Release|x86.ActiveCfg = Release|Any CPU
		{072F0408-5846-6CE9-7E2D-E982706EB9C1}.Release|x86.Build.0 = Release|Any CPU
		{BAB805C7-3BFB-40BB-8DAF-AFF467BFE88E}.Debug|Any CPU.ActiveCfg = Debug|Any CPU
		{BAB805C7-3BFB-40BB-8DAF-AFF467BFE88E}.Debug|Any CPU.Build.0 = Debug|Any CPU
		{BAB805C7-3BFB-40BB-8DAF-AFF467BFE88E}.Debug|Any CPU.Deploy.0 = Debug|Any CPU
		{BAB805C7-3BFB-40BB-8DAF-AFF467BFE88E}.Debug|x64.ActiveCfg = Debug|Any CPU
		{BAB805C7-3BFB-40BB-8DAF-AFF467BFE88E}.Debug|x64.Build.0 = Debug|Any CPU
		{BAB805C7-3BFB-40BB-8DAF-AFF467BFE88E}.Debug|x86.ActiveCfg = Debug|Any CPU
		{BAB805C7-3BFB-40BB-8DAF-AFF467BFE88E}.Debug|x86.Build.0 = Debug|Any CPU
		{BAB805C7-3BFB-40BB-8DAF-AFF467BFE88E}.Release|Any CPU.ActiveCfg = Release|Any CPU
		{BAB805C7-3BFB-40BB-8DAF-AFF467BFE88E}.Release|Any CPU.Build.0 = Release|Any CPU
		{BAB805C7-3BFB-40BB-8DAF-AFF467BFE88E}.Release|Any CPU.Deploy.0 = Release|Any CPU
		{BAB805C7-3BFB-40BB-8DAF-AFF467BFE88E}.Release|x64.ActiveCfg = Release|Any CPU
		{BAB805C7-3BFB-40BB-8DAF-AFF467BFE88E}.Release|x64.Build.0 = Release|Any CPU
		{BAB805C7-3BFB-40BB-8DAF-AFF467BFE88E}.Release|x86.ActiveCfg = Release|Any CPU
		{BAB805C7-3BFB-40BB-8DAF-AFF467BFE88E}.Release|x86.Build.0 = Release|Any CPU
		{CF0611EA-BC62-92F1-8203-24A0841EA588}.Debug|Any CPU.ActiveCfg = Debug|Any CPU
		{CF0611EA-BC62-92F1-8203-24A0841EA588}.Debug|Any CPU.Build.0 = Debug|Any CPU
		{CF0611EA-BC62-92F1-8203-24A0841EA588}.Debug|x64.ActiveCfg = Debug|Any CPU
		{CF0611EA-BC62-92F1-8203-24A0841EA588}.Debug|x64.Build.0 = Debug|Any CPU
		{CF0611EA-BC62-92F1-8203-24A0841EA588}.Debug|x86.ActiveCfg = Debug|Any CPU
		{CF0611EA-BC62-92F1-8203-24A0841EA588}.Debug|x86.Build.0 = Debug|Any CPU
		{CF0611EA-BC62-92F1-8203-24A0841EA588}.Release|Any CPU.ActiveCfg = Release|Any CPU
		{CF0611EA-BC62-92F1-8203-24A0841EA588}.Release|Any CPU.Build.0 = Release|Any CPU
		{CF0611EA-BC62-92F1-8203-24A0841EA588}.Release|x64.ActiveCfg = Release|Any CPU
		{CF0611EA-BC62-92F1-8203-24A0841EA588}.Release|x64.Build.0 = Release|Any CPU
		{CF0611EA-BC62-92F1-8203-24A0841EA588}.Release|x86.ActiveCfg = Release|Any CPU
		{CF0611EA-BC62-92F1-8203-24A0841EA588}.Release|x86.Build.0 = Release|Any CPU
		{1C3EBFE6-076E-F243-CA5D-33CE1F9BBF9D}.Debug|Any CPU.ActiveCfg = Debug|Any CPU
		{1C3EBFE6-076E-F243-CA5D-33CE1F9BBF9D}.Debug|Any CPU.Build.0 = Debug|Any CPU
		{1C3EBFE6-076E-F243-CA5D-33CE1F9BBF9D}.Debug|x64.ActiveCfg = Debug|Any CPU
		{1C3EBFE6-076E-F243-CA5D-33CE1F9BBF9D}.Debug|x64.Build.0 = Debug|Any CPU
		{1C3EBFE6-076E-F243-CA5D-33CE1F9BBF9D}.Debug|x86.ActiveCfg = Debug|Any CPU
		{1C3EBFE6-076E-F243-CA5D-33CE1F9BBF9D}.Debug|x86.Build.0 = Debug|Any CPU
		{1C3EBFE6-076E-F243-CA5D-33CE1F9BBF9D}.Release|Any CPU.ActiveCfg = Release|Any CPU
		{1C3EBFE6-076E-F243-CA5D-33CE1F9BBF9D}.Release|Any CPU.Build.0 = Release|Any CPU
		{1C3EBFE6-076E-F243-CA5D-33CE1F9BBF9D}.Release|x64.ActiveCfg = Release|Any CPU
		{1C3EBFE6-076E-F243-CA5D-33CE1F9BBF9D}.Release|x64.Build.0 = Release|Any CPU
		{1C3EBFE6-076E-F243-CA5D-33CE1F9BBF9D}.Release|x86.ActiveCfg = Release|Any CPU
		{1C3EBFE6-076E-F243-CA5D-33CE1F9BBF9D}.Release|x86.Build.0 = Release|Any CPU
		{DED39859-4AD7-3A60-5F4C-0CC8B253027F}.Debug|Any CPU.ActiveCfg = Debug|Any CPU
		{DED39859-4AD7-3A60-5F4C-0CC8B253027F}.Debug|Any CPU.Build.0 = Debug|Any CPU
		{DED39859-4AD7-3A60-5F4C-0CC8B253027F}.Debug|x64.ActiveCfg = Debug|Any CPU
		{DED39859-4AD7-3A60-5F4C-0CC8B253027F}.Debug|x64.Build.0 = Debug|Any CPU
		{DED39859-4AD7-3A60-5F4C-0CC8B253027F}.Debug|x86.ActiveCfg = Debug|Any CPU
		{DED39859-4AD7-3A60-5F4C-0CC8B253027F}.Debug|x86.Build.0 = Debug|Any CPU
		{DED39859-4AD7-3A60-5F4C-0CC8B253027F}.Release|Any CPU.ActiveCfg = Release|Any CPU
		{DED39859-4AD7-3A60-5F4C-0CC8B253027F}.Release|Any CPU.Build.0 = Release|Any CPU
		{DED39859-4AD7-3A60-5F4C-0CC8B253027F}.Release|x64.ActiveCfg = Release|Any CPU
		{DED39859-4AD7-3A60-5F4C-0CC8B253027F}.Release|x64.Build.0 = Release|Any CPU
		{DED39859-4AD7-3A60-5F4C-0CC8B253027F}.Release|x86.ActiveCfg = Release|Any CPU
		{DED39859-4AD7-3A60-5F4C-0CC8B253027F}.Release|x86.Build.0 = Release|Any CPU
		{DD60077E-E4CB-48FD-BB09-FD493ECDD489}.Debug|Any CPU.ActiveCfg = Debug|Any CPU
		{DD60077E-E4CB-48FD-BB09-FD493ECDD489}.Debug|Any CPU.Build.0 = Debug|Any CPU
		{DD60077E-E4CB-48FD-BB09-FD493ECDD489}.Debug|x64.ActiveCfg = Debug|Any CPU
		{DD60077E-E4CB-48FD-BB09-FD493ECDD489}.Debug|x64.Build.0 = Debug|Any CPU
		{DD60077E-E4CB-48FD-BB09-FD493ECDD489}.Debug|x86.ActiveCfg = Debug|Any CPU
		{DD60077E-E4CB-48FD-BB09-FD493ECDD489}.Debug|x86.Build.0 = Debug|Any CPU
		{DD60077E-E4CB-48FD-BB09-FD493ECDD489}.Release|Any CPU.ActiveCfg = Release|Any CPU
		{DD60077E-E4CB-48FD-BB09-FD493ECDD489}.Release|Any CPU.Build.0 = Release|Any CPU
		{DD60077E-E4CB-48FD-BB09-FD493ECDD489}.Release|x64.ActiveCfg = Release|Any CPU
		{DD60077E-E4CB-48FD-BB09-FD493ECDD489}.Release|x64.Build.0 = Release|Any CPU
		{DD60077E-E4CB-48FD-BB09-FD493ECDD489}.Release|x86.ActiveCfg = Release|Any CPU
		{DD60077E-E4CB-48FD-BB09-FD493ECDD489}.Release|x86.Build.0 = Release|Any CPU
		{45A184B7-11C1-44E5-A187-EDBE4DD40300}.Debug|Any CPU.ActiveCfg = Debug|Any CPU
		{45A184B7-11C1-44E5-A187-EDBE4DD40300}.Debug|Any CPU.Build.0 = Debug|Any CPU
		{45A184B7-11C1-44E5-A187-EDBE4DD40300}.Debug|x64.ActiveCfg = Debug|Any CPU
		{45A184B7-11C1-44E5-A187-EDBE4DD40300}.Debug|x64.Build.0 = Debug|Any CPU
		{45A184B7-11C1-44E5-A187-EDBE4DD40300}.Debug|x86.ActiveCfg = Debug|Any CPU
		{45A184B7-11C1-44E5-A187-EDBE4DD40300}.Debug|x86.Build.0 = Debug|Any CPU
		{45A184B7-11C1-44E5-A187-EDBE4DD40300}.Release|Any CPU.ActiveCfg = Release|Any CPU
		{45A184B7-11C1-44E5-A187-EDBE4DD40300}.Release|Any CPU.Build.0 = Release|Any CPU
		{45A184B7-11C1-44E5-A187-EDBE4DD40300}.Release|x64.ActiveCfg = Release|Any CPU
		{45A184B7-11C1-44E5-A187-EDBE4DD40300}.Release|x64.Build.0 = Release|Any CPU
		{45A184B7-11C1-44E5-A187-EDBE4DD40300}.Release|x86.ActiveCfg = Release|Any CPU
		{45A184B7-11C1-44E5-A187-EDBE4DD40300}.Release|x86.Build.0 = Release|Any CPU
	EndGlobalSection
	GlobalSection(SolutionProperties) = preSolution
		HideSolutionNode = FALSE
	EndGlobalSection
	GlobalSection(NestedProjects) = preSolution
		{9C0CEA26-8F47-D1B8-B411-91EA6F324826} = {1F94B2FD-668B-43A6-9776-921D7674B434}
		{A8CDCBA1-F501-D2E8-E400-A029D6A962B4} = {1F94B2FD-668B-43A6-9776-921D7674B434}
		{ED4ACDBC-470D-5AF6-C744-102FF2260FFD} = {1F94B2FD-668B-43A6-9776-921D7674B434}
		{DD32B238-A559-5CDD-130D-A24C53412DD5} = {1F94B2FD-668B-43A6-9776-921D7674B434}
		{12B91416-C3F8-9B1B-6930-EA47887D4905} = {1F94B2FD-668B-43A6-9776-921D7674B434}
		{D62CC36A-8C1C-D380-1A2E-1DBC80399C5B} = {1F94B2FD-668B-43A6-9776-921D7674B434}
		{FFC3FFF1-6B2D-0BB8-7849-9A19F73BFAC7} = {1F94B2FD-668B-43A6-9776-921D7674B434}
		{ED5C587C-4379-5F01-3049-3729077607D4} = {1F94B2FD-668B-43A6-9776-921D7674B434}
		{6D6DBC66-FF35-184F-94A4-CD5D6C35C66F} = {1F94B2FD-668B-43A6-9776-921D7674B434}
		{C0A98D21-CEFF-2B7B-E2A4-EAD6F6B88259} = {02EA681E-C7D8-13C7-8484-4AC65E1B71E8}
		{078CF30C-28BA-2CEB-2E06-E51A02D42EA4} = {02EA681E-C7D8-13C7-8484-4AC65E1B71E8}
		{DC3D92A1-9A94-A7BA-9D3C-909636B62DFF} = {02EA681E-C7D8-13C7-8484-4AC65E1B71E8}
		{B6D263FC-3358-0BF7-CD93-80319B9CB4D1} = {02EA681E-C7D8-13C7-8484-4AC65E1B71E8}
		{20B646A9-5F87-8E45-0F3E-B59D26E8880F} = {02EA681E-C7D8-13C7-8484-4AC65E1B71E8}
		{A5E75878-A0A3-A044-414C-34D8A1E9EDF3} = {02EA681E-C7D8-13C7-8484-4AC65E1B71E8}
		{C982FA7D-756E-331E-17A7-CE00A8A45D96} = {02EA681E-C7D8-13C7-8484-4AC65E1B71E8}
		{B1560275-349B-E2F8-F055-BF99C0EC4AF7} = {906F30B3-4755-4A72-8AF5-0F40CFAA42B9}
		{0D50A632-11B0-6CBF-41A8-C04163CF9DA2} = {906F30B3-4755-4A72-8AF5-0F40CFAA42B9}
		{6BDEA656-9CB3-C79C-DC31-97AC987B83D8} = {02EA681E-C7D8-13C7-8484-4AC65E1B71E8}
		{072F0408-5846-6CE9-7E2D-E982706EB9C1} = {254A7859-4EFA-4B6B-89F4-70152CFD1B59}
		{BAB805C7-3BFB-40BB-8DAF-AFF467BFE88E} = {254A7859-4EFA-4B6B-89F4-70152CFD1B59}
		{CF0611EA-BC62-92F1-8203-24A0841EA588} = {1F94B2FD-668B-43A6-9776-921D7674B434}
		{1C3EBFE6-076E-F243-CA5D-33CE1F9BBF9D} = {1F94B2FD-668B-43A6-9776-921D7674B434}
		{DED39859-4AD7-3A60-5F4C-0CC8B253027F} = {02EA681E-C7D8-13C7-8484-4AC65E1B71E8}
		{DD60077E-E4CB-48FD-BB09-FD493ECDD489} = {1F94B2FD-668B-43A6-9776-921D7674B434}
		{45A184B7-11C1-44E5-A187-EDBE4DD40300} = {02EA681E-C7D8-13C7-8484-4AC65E1B71E8}
	EndGlobalSection
	GlobalSection(ExtensibilityGlobals) = postSolution
		SolutionGuid = {35FFA26A-48A6-4E70-8EBB-3CB94B3D7E28}
	EndGlobalSection
EndGlobal
